
Microsoft Visual Studio Solution File, Format Version 12.00
# Visual Studio Version 16
VisualStudioVersion = 16.0.30523.141
MinimumVisualStudioVersion = 10.0.40219.1
Project("{FAE04EC0-301F-11D3-BF4B-00C04F79EFBC}") = "Strategy", "Strategy\Strategy.csproj", "{0B9E3B8E-B846-4DBD-B5F6-6613B31EF434}"
EndProject
Global
	GlobalSection(SolutionConfigurationPlatforms) = preSolution
		Debug|Any CPU = Debug|Any CPU
		Release|Any CPU = Release|Any CPU
	EndGlobalSection
	GlobalSection(ProjectConfigurationPlatforms) = postSolution
		{0B9E3B8E-B846-4DBD-B5F6-6613B31EF434}.Debug|Any CPU.ActiveCfg = Debug|Any CPU
		{0B9E3B8E-B846-4DBD-B5F6-6613B31EF434}.Debug|Any CPU.Build.0 = Debug|Any CPU
		{0B9E3B8E-B846-4DBD-B5F6-6613B31EF434}.Release|Any CPU.ActiveCfg = Release|Any CPU
		{0B9E3B8E-B846-4DBD-B5F6-6613B31EF434}.Release|Any CPU.Build.0 = Release|Any CPU
	EndGlobalSection
	GlobalSection(SolutionProperties) = preSolution
		HideSolutionNode = FALSE
	EndGlobalSection
	GlobalSection(ExtensibilityGlobals) = postSolution
		SolutionGuid = {33FB6FB6-C7A5-4FD5-AA83-A1E6A887486D}
	EndGlobalSection
EndGlobal
